<Solution>
  <Folder Name="/docs/">
    <File Path="README.md" />
  </Folder>
  <Folder Name="/src/">
    <Project Path="SentinelLib.Identity.Security/SentinelLib.Identity.Security.csproj" />
  </Folder>
  <Folder Name="/test/">
    <Project Path="SentinelLib.Identity.Security.Tests/SentinelLib.Identity.Security.Tests.csproj" />
  </Folder>
</Solution>
